
Microsoft Visual Studio Solution File, Format Version 12.00
# Visual Studio Version 17
VisualStudioVersion = 17.11.35327.3
MinimumVisualStudioVersion = 10.0.40219.1
Project("{FAE04EC0-301F-11D3-BF4B-00C04F79EFBC}") = "STMFitnessCenter", "STMFitnessCenter\STMFitnessCenter.csproj", "{4337B0EF-C4F3-42AD-8EFF-0D80785BEF64}"
EndProject
Global
	GlobalSection(SolutionConfigurationPlatforms) = preSolution
		Debug|Any CPU = Debug|Any CPU
		Release|Any CPU = Release|Any CPU
	EndGlobalSection
	GlobalSection(ProjectConfigurationPlatforms) = postSolution
		{4337B0EF-C4F3-42AD-8EFF-0D80785BEF64}.Debug|Any CPU.ActiveCfg = Debug|Any CPU
		{4337B0EF-C4F3-42AD-8EFF-0D80785BEF64}.Debug|Any CPU.Build.0 = Debug|Any CPU
		{4337B0EF-C4F3-42AD-8EFF-0D80785BEF64}.Release|Any CPU.ActiveCfg = Release|Any CPU
		{4337B0EF-C4F3-42AD-8EFF-0D80785BEF64}.Release|Any CPU.Build.0 = Release|Any CPU
	EndGlobalSection
	GlobalSection(SolutionProperties) = preSolution
		HideSolutionNode = FALSE
	EndGlobalSection
	GlobalSection(ExtensibilityGlobals) = postSolution
		SolutionGuid = {42AE7D03-AB41-44F7-8756-A0F662B0FCEA}
	EndGlobalSection
EndGlobal
